
Microsoft Visual Studio Solution File, Format Version 12.00
# Visual Studio 2012
Project("{FAE04EC0-301F-11D3-BF4B-00C04F79EFBC}") = "PasswordGenerator", "PasswordGenerator\PasswordGenerator.csproj", "{3E8C2D9B-5357-4283-89DE-AB51F0F57460}"
EndProject
Project("{FAE04EC0-301F-11D3-BF4B-00C04F79EFBC}") = "Program", "Program\Program.csproj", "{6A2F57A1-0BA4-404B-AB4C-3E904C89A8EE}"
EndProject
Global
	GlobalSection(SolutionConfigurationPlatforms) = preSolution
		Debug|Any CPU = Debug|Any CPU
		Release|Any CPU = Release|Any CPU
	EndGlobalSection
	GlobalSection(ProjectConfigurationPlatforms) = postSolution
		{3E8C2D9B-5357-4283-89DE-AB51F0F57460}.Debug|Any CPU.ActiveCfg = Debug|Any CPU
		{3E8C2D9B-5357-4283-89DE-AB51F0F57460}.Debug|Any CPU.Build.0 = Debug|Any CPU
		{3E8C2D9B-5357-4283-89DE-AB51F0F57460}.Release|Any CPU.ActiveCfg = Release|Any CPU
		{3E8C2D9B-5357-4283-89DE-AB51F0F57460}.Release|Any CPU.Build.0 = Release|Any CPU
		{6A2F57A1-0BA4-404B-AB4C-3E904C89A8EE}.Debug|Any CPU.ActiveCfg = Debug|Any CPU
		{6A2F57A1-0BA4-404B-AB4C-3E904C89A8EE}.Debug|Any CPU.Build.0 = Debug|Any CPU
		{6A2F57A1-0BA4-404B-AB4C-3E904C89A8EE}.Release|Any CPU.ActiveCfg = Release|Any CPU
		{6A2F57A1-0BA4-404B-AB4C-3E904C89A8EE}.Release|Any CPU.Build.0 = Release|Any CPU
	EndGlobalSection
	GlobalSection(SolutionProperties) = preSolution
		HideSolutionNode = FALSE
	EndGlobalSection
EndGlobal
