
Microsoft Visual Studio Solution File, Format Version 12.00
# Visual Studio 14
VisualStudioVersion = 14.0.25420.1
MinimumVisualStudioVersion = 10.0.40219.1
Project("{FAE04EC0-301F-11D3-BF4B-00C04F79EFBC}") = "ExtensionMethod", "ExtensionMethod\ExtensionMethod.csproj", "{2D7D4573-6184-432D-9734-CF4E4BECE517}"
EndProject
Project("{FAE04EC0-301F-11D3-BF4B-00C04F79EFBC}") = "Program", "Program\Program.csproj", "{8639E872-FC35-4E84-A25C-F761322A0E57}"
EndProject
Global
	GlobalSection(SolutionConfigurationPlatforms) = preSolution
		Debug|Any CPU = Debug|Any CPU
		Release|Any CPU = Release|Any CPU
	EndGlobalSection
	GlobalSection(ProjectConfigurationPlatforms) = postSolution
		{2D7D4573-6184-432D-9734-CF4E4BECE517}.Debug|Any CPU.ActiveCfg = Debug|Any CPU
		{2D7D4573-6184-432D-9734-CF4E4BECE517}.Debug|Any CPU.Build.0 = Debug|Any CPU
		{2D7D4573-6184-432D-9734-CF4E4BECE517}.Release|Any CPU.ActiveCfg = Release|Any CPU
		{2D7D4573-6184-432D-9734-CF4E4BECE517}.Release|Any CPU.Build.0 = Release|Any CPU
		{8639E872-FC35-4E84-A25C-F761322A0E57}.Debug|Any CPU.ActiveCfg = Debug|Any CPU
		{8639E872-FC35-4E84-A25C-F761322A0E57}.Debug|Any CPU.Build.0 = Debug|Any CPU
		{8639E872-FC35-4E84-A25C-F761322A0E57}.Release|Any CPU.ActiveCfg = Release|Any CPU
		{8639E872-FC35-4E84-A25C-F761322A0E57}.Release|Any CPU.Build.0 = Release|Any CPU
	EndGlobalSection
	GlobalSection(SolutionProperties) = preSolution
		HideSolutionNode = FALSE
	EndGlobalSection
EndGlobal
